
Microsoft Visual Studio Solution File, Format Version 12.00
# Visual Studio Version 17
VisualStudioVersion = 17.7.34221.43
MinimumVisualStudioVersion = 10.0.40219.1
Project("{F184B08F-C81C-45F6-A57F-5ABD9991F28F}") = "airlinebooking", "airlinebooking.vbproj", "{D32D1EE1-DA1E-42FC-9962-9365E3F22B87}"
EndProject
Global
	GlobalSection(SolutionConfigurationPlatforms) = preSolution
		Debug|Any CPU = Debug|Any CPU
		Release|Any CPU = Release|Any CPU
	EndGlobalSection
	GlobalSection(ProjectConfigurationPlatforms) = postSolution
		{D32D1EE1-DA1E-42FC-9962-9365E3F22B87}.Debug|Any CPU.ActiveCfg = Debug|Any CPU
		{D32D1EE1-DA1E-42FC-9962-9365E3F22B87}.Debug|Any CPU.Build.0 = Debug|Any CPU
		{D32D1EE1-DA1E-42FC-9962-9365E3F22B87}.Release|Any CPU.ActiveCfg = Release|Any CPU
		{D32D1EE1-DA1E-42FC-9962-9365E3F22B87}.Release|Any CPU.Build.0 = Release|Any CPU
	EndGlobalSection
	GlobalSection(SolutionProperties) = preSolution
		HideSolutionNode = FALSE
	EndGlobalSection
	GlobalSection(ExtensibilityGlobals) = postSolution
		SolutionGuid = {69278543-EBD8-4C38-A17E-AD863AAA431E}
	EndGlobalSection
EndGlobal
